
Microsoft Visual Studio Solution File, Format Version 12.00
# Visual Studio Version 16
VisualStudioVersion = 16.0.30114.105
MinimumVisualStudioVersion = 10.0.40219.1
Project("{888888A0-9F3D-457C-B088-3A5042F75D52}") = "edami", "PythonApplication1\edami.pyproj", "{631D863F-AE68-467A-8AEC-AA3BAC6D9178}"
EndProject
Project("{8BC9CEB8-8B4A-11D0-8D11-00A0C91BC942}") = "superfastcode", "superfastcode\superfastcode.vcxproj", "{28B0FA83-2FD8-468B-B4E3-54995A926B11}"
EndProject
Project("{8BC9CEB8-8B4A-11D0-8D11-00A0C91BC942}") = "spade", "superfastcode2\superfastcode2.vcxproj", "{7231669E-7124-4EA7-A5F4-F7B24609D033}"
EndProject
Project("{2150E333-8FDC-42A3-9474-1A3956D46DE8}") = "Solution Items", "Solution Items", "{4A2D66F4-55BC-47AF-9F69-61B73162622A}"
	ProjectSection(SolutionItems) = preProject
		superfastcode2\CandidateGenerator.cpp = superfastcode2\CandidateGenerator.cpp
		superfastcode2\CandidateGenerator.h = superfastcode2\CandidateGenerator.h
		data\dress_sales.csv = data\dress_sales.csv
		superfastcode2\EquivalenceClass.cpp = superfastcode2\EquivalenceClass.cpp
		superfastcode2\EquivalenceClass.h = superfastcode2\EquivalenceClass.h
		superfastcode2\FrequentPatternEnumeration.cpp = superfastcode2\FrequentPatternEnumeration.cpp
		superfastcode2\FrequentPatternEnumeration.h = superfastcode2\FrequentPatternEnumeration.h
		superfastcode2\IdList.cpp = superfastcode2\IdList.cpp
		superfastcode2\IdList.h = superfastcode2\IdList.h
		superfastcode2\Item.cpp = superfastcode2\Item.cpp
		superfastcode2\Item.h = superfastcode2\Item.h
		superfastcode2\Pattern.cpp = superfastcode2\Pattern.cpp
		superfastcode2\Pattern.h = superfastcode2\Pattern.h
		superfastcode2\SequenceDatabase.cpp = superfastcode2\SequenceDatabase.cpp
		superfastcode2\SequenceDatabase.h = superfastcode2\SequenceDatabase.h
		superfastcode2\Spade.cpp = superfastcode2\Spade.cpp
		superfastcode2\Spade.h = superfastcode2\Spade.h
	EndProjectSection
EndProject
Global
	GlobalSection(SolutionConfigurationPlatforms) = preSolution
		Debug|Any CPU = Debug|Any CPU
		Debug|x64 = Debug|x64
		Debug|x86 = Debug|x86
		Release|Any CPU = Release|Any CPU
		Release|x64 = Release|x64
		Release|x86 = Release|x86
	EndGlobalSection
	GlobalSection(ProjectConfigurationPlatforms) = postSolution
		{631D863F-AE68-467A-8AEC-AA3BAC6D9178}.Debug|Any CPU.ActiveCfg = Debug|Any CPU
		{631D863F-AE68-467A-8AEC-AA3BAC6D9178}.Debug|x64.ActiveCfg = Debug|Any CPU
		{631D863F-AE68-467A-8AEC-AA3BAC6D9178}.Debug|x86.ActiveCfg = Debug|Any CPU
		{631D863F-AE68-467A-8AEC-AA3BAC6D9178}.Release|Any CPU.ActiveCfg = Release|Any CPU
		{631D863F-AE68-467A-8AEC-AA3BAC6D9178}.Release|x64.ActiveCfg = Release|Any CPU
		{631D863F-AE68-467A-8AEC-AA3BAC6D9178}.Release|x86.ActiveCfg = Release|Any CPU
		{28B0FA83-2FD8-468B-B4E3-54995A926B11}.Debug|Any CPU.ActiveCfg = Debug|Win32
		{28B0FA83-2FD8-468B-B4E3-54995A926B11}.Debug|x64.ActiveCfg = Debug|x64
		{28B0FA83-2FD8-468B-B4E3-54995A926B11}.Debug|x64.Build.0 = Debug|x64
		{28B0FA83-2FD8-468B-B4E3-54995A926B11}.Debug|x86.ActiveCfg = Debug|Win32
		{28B0FA83-2FD8-468B-B4E3-54995A926B11}.Debug|x86.Build.0 = Debug|Win32
		{28B0FA83-2FD8-468B-B4E3-54995A926B11}.Release|Any CPU.ActiveCfg = Release|Win32
		{28B0FA83-2FD8-468B-B4E3-54995A926B11}.Release|x64.ActiveCfg = Release|x64
		{28B0FA83-2FD8-468B-B4E3-54995A926B11}.Release|x64.Build.0 = Release|x64
		{28B0FA83-2FD8-468B-B4E3-54995A926B11}.Release|x86.ActiveCfg = Release|Win32
		{28B0FA83-2FD8-468B-B4E3-54995A926B11}.Release|x86.Build.0 = Release|Win32
		{7231669E-7124-4EA7-A5F4-F7B24609D033}.Debug|Any CPU.ActiveCfg = Debug|Win32
		{7231669E-7124-4EA7-A5F4-F7B24609D033}.Debug|x64.ActiveCfg = Debug|x64
		{7231669E-7124-4EA7-A5F4-F7B24609D033}.Debug|x64.Build.0 = Debug|x64
		{7231669E-7124-4EA7-A5F4-F7B24609D033}.Debug|x86.ActiveCfg = Debug|Win32
		{7231669E-7124-4EA7-A5F4-F7B24609D033}.Debug|x86.Build.0 = Debug|Win32
		{7231669E-7124-4EA7-A5F4-F7B24609D033}.Release|Any CPU.ActiveCfg = Release|Win32
		{7231669E-7124-4EA7-A5F4-F7B24609D033}.Release|x64.ActiveCfg = Release|x64
		{7231669E-7124-4EA7-A5F4-F7B24609D033}.Release|x64.Build.0 = Release|x64
		{7231669E-7124-4EA7-A5F4-F7B24609D033}.Release|x86.ActiveCfg = Release|Win32
		{7231669E-7124-4EA7-A5F4-F7B24609D033}.Release|x86.Build.0 = Release|Win32
	EndGlobalSection
	GlobalSection(SolutionProperties) = preSolution
		HideSolutionNode = FALSE
	EndGlobalSection
	GlobalSection(ExtensibilityGlobals) = postSolution
		SolutionGuid = {A638B9EA-4DE5-49DC-80F7-4E08CA0374B9}
	EndGlobalSection
EndGlobal
